
Microsoft Visual Studio Solution File, Format Version 12.00
# Visual Studio Version 17
VisualStudioVersion = 17.7.34202.233
MinimumVisualStudioVersion = 10.0.40219.1
Project("{FAE04EC0-301F-11D3-BF4B-00C04F79EFBC}") = "HashTables", "HashTables.csproj", "{DB4638E3-9C56-40E8-9619-78364F208CC3}"
EndProject
Global
	GlobalSection(SolutionConfigurationPlatforms) = preSolution
		Debug|Any CPU = Debug|Any CPU
		Release|Any CPU = Release|Any CPU
	EndGlobalSection
	GlobalSection(ProjectConfigurationPlatforms) = postSolution
		{DB4638E3-9C56-40E8-9619-78364F208CC3}.Debug|Any CPU.ActiveCfg = Debug|Any CPU
		{DB4638E3-9C56-40E8-9619-78364F208CC3}.Debug|Any CPU.Build.0 = Debug|Any CPU
		{DB4638E3-9C56-40E8-9619-78364F208CC3}.Release|Any CPU.ActiveCfg = Release|Any CPU
		{DB4638E3-9C56-40E8-9619-78364F208CC3}.Release|Any CPU.Build.0 = Release|Any CPU
	EndGlobalSection
	GlobalSection(SolutionProperties) = preSolution
		HideSolutionNode = FALSE
	EndGlobalSection
	GlobalSection(ExtensibilityGlobals) = postSolution
		SolutionGuid = {36ACFAB4-C239-4EC7-9153-21A4DBED1BB4}
	EndGlobalSection
EndGlobal
